
Microsoft Visual Studio Solution File, Format Version 12.00
# Visual Studio Version 17
VisualStudioVersion = 17.1.32328.378
MinimumVisualStudioVersion = 10.0.40219.1
Project("{9A19103F-16F7-4668-BE54-9A1E7A4F7556}") = "Audio Archive Toolbox", "Audio Archive Toolbox.csproj", "{CDEB737F-4482-4467-9BFF-1A8CFE65DA46}"
EndProject
Global
	GlobalSection(SolutionConfigurationPlatforms) = preSolution
		Debug|Any CPU = Debug|Any CPU
		Debug|x64 = Debug|x64
		Release|Any CPU = Release|Any CPU
		Release|x64 = Release|x64
	EndGlobalSection
	GlobalSection(ProjectConfigurationPlatforms) = postSolution
		{CDEB737F-4482-4467-9BFF-1A8CFE65DA46}.Debug|Any CPU.ActiveCfg = Release|Any CPU
		{CDEB737F-4482-4467-9BFF-1A8CFE65DA46}.Debug|Any CPU.Build.0 = Release|Any CPU
		{CDEB737F-4482-4467-9BFF-1A8CFE65DA46}.Debug|x64.ActiveCfg = Debug|x64
		{CDEB737F-4482-4467-9BFF-1A8CFE65DA46}.Debug|x64.Build.0 = Debug|x64
		{CDEB737F-4482-4467-9BFF-1A8CFE65DA46}.Release|Any CPU.ActiveCfg = Release|Any CPU
		{CDEB737F-4482-4467-9BFF-1A8CFE65DA46}.Release|Any CPU.Build.0 = Release|Any CPU
		{CDEB737F-4482-4467-9BFF-1A8CFE65DA46}.Release|x64.ActiveCfg = Release|x64
		{CDEB737F-4482-4467-9BFF-1A8CFE65DA46}.Release|x64.Build.0 = Release|x64
	EndGlobalSection
	GlobalSection(SolutionProperties) = preSolution
		HideSolutionNode = FALSE
	EndGlobalSection
	GlobalSection(ExtensibilityGlobals) = postSolution
		SolutionGuid = {6B22099D-D4AB-404B-B463-DFBF44008A4A}
	EndGlobalSection
EndGlobal
